
Microsoft Visual Studio Solution File, Format Version 12.00
# Visual Studio Version 16
VisualStudioVersion = 16.0.31112.23
MinimumVisualStudioVersion = 10.0.40219.1
Project("{FAE04EC0-301F-11D3-BF4B-00C04F79EFBC}") = "Entidades", "Entidades\Entidades.csproj", "{DBEF1640-BB8F-4686-B09A-45F8CD2349F1}"
EndProject
Project("{FAE04EC0-301F-11D3-BF4B-00C04F79EFBC}") = "TP-02", "TP-02\TP-02.csproj", "{19797B64-ED0D-447C-99F2-B26336A2C59A}"
EndProject
Global
	GlobalSection(SolutionConfigurationPlatforms) = preSolution
		Debug|Any CPU = Debug|Any CPU
		Release|Any CPU = Release|Any CPU
	EndGlobalSection
	GlobalSection(ProjectConfigurationPlatforms) = postSolution
		{DBEF1640-BB8F-4686-B09A-45F8CD2349F1}.Debug|Any CPU.ActiveCfg = Debug|Any CPU
		{DBEF1640-BB8F-4686-B09A-45F8CD2349F1}.Debug|Any CPU.Build.0 = Debug|Any CPU
		{DBEF1640-BB8F-4686-B09A-45F8CD2349F1}.Release|Any CPU.ActiveCfg = Release|Any CPU
		{DBEF1640-BB8F-4686-B09A-45F8CD2349F1}.Release|Any CPU.Build.0 = Release|Any CPU
		{19797B64-ED0D-447C-99F2-B26336A2C59A}.Debug|Any CPU.ActiveCfg = Debug|Any CPU
		{19797B64-ED0D-447C-99F2-B26336A2C59A}.Debug|Any CPU.Build.0 = Debug|Any CPU
		{19797B64-ED0D-447C-99F2-B26336A2C59A}.Release|Any CPU.ActiveCfg = Release|Any CPU
		{19797B64-ED0D-447C-99F2-B26336A2C59A}.Release|Any CPU.Build.0 = Release|Any CPU
	EndGlobalSection
	GlobalSection(SolutionProperties) = preSolution
		HideSolutionNode = FALSE
	EndGlobalSection
	GlobalSection(ExtensibilityGlobals) = postSolution
		SolutionGuid = {7DF7B67B-C2AD-4CFA-A2B1-D3D4407BBE51}
	EndGlobalSection
EndGlobal
