
Microsoft Visual Studio Solution File, Format Version 12.00
# Visual Studio Version 16
VisualStudioVersion = 16.0.31402.337
MinimumVisualStudioVersion = 10.0.40219.1
Project("{FAE04EC0-301F-11D3-BF4B-00C04F79EFBC}") = "Entidades", "Entidades\Entidades.csproj", "{4070D62B-A350-4224-9875-9CB941239841}"
EndProject
Project("{FAE04EC0-301F-11D3-BF4B-00C04F79EFBC}") = "TP-02", "TP-02\TP-02.csproj", "{40799D9A-1D69-4048-A817-3AE1411E63E4}"
EndProject
Global
	GlobalSection(SolutionConfigurationPlatforms) = preSolution
		Debug|Any CPU = Debug|Any CPU
		Release|Any CPU = Release|Any CPU
	EndGlobalSection
	GlobalSection(ProjectConfigurationPlatforms) = postSolution
		{4070D62B-A350-4224-9875-9CB941239841}.Debug|Any CPU.ActiveCfg = Debug|Any CPU
		{4070D62B-A350-4224-9875-9CB941239841}.Debug|Any CPU.Build.0 = Debug|Any CPU
		{4070D62B-A350-4224-9875-9CB941239841}.Release|Any CPU.ActiveCfg = Release|Any CPU
		{4070D62B-A350-4224-9875-9CB941239841}.Release|Any CPU.Build.0 = Release|Any CPU
		{40799D9A-1D69-4048-A817-3AE1411E63E4}.Debug|Any CPU.ActiveCfg = Debug|Any CPU
		{40799D9A-1D69-4048-A817-3AE1411E63E4}.Debug|Any CPU.Build.0 = Debug|Any CPU
		{40799D9A-1D69-4048-A817-3AE1411E63E4}.Release|Any CPU.ActiveCfg = Release|Any CPU
		{40799D9A-1D69-4048-A817-3AE1411E63E4}.Release|Any CPU.Build.0 = Release|Any CPU
	EndGlobalSection
	GlobalSection(SolutionProperties) = preSolution
		HideSolutionNode = FALSE
	EndGlobalSection
	GlobalSection(ExtensibilityGlobals) = postSolution
		SolutionGuid = {A50C3AB5-0C24-41BB-BAD1-FEC3B2252585}
	EndGlobalSection
EndGlobal
