
Microsoft Visual Studio Solution File, Format Version 12.00
# Visual Studio Version 16
VisualStudioVersion = 16.0.31112.23
MinimumVisualStudioVersion = 10.0.40219.1
Project("{FAE04EC0-301F-11D3-BF4B-00C04F79EFBC}") = "Entidades", "Entidades\Entidades.csproj", "{C873BAFD-245B-4805-B742-02101CD45021}"
EndProject
Project("{FAE04EC0-301F-11D3-BF4B-00C04F79EFBC}") = "MiCalculadora", "MiCalculadora\MiCalculadora.csproj", "{A44D1022-FEA1-4DC0-9906-1BD8AC85DA4A}"
EndProject
Global
	GlobalSection(SolutionConfigurationPlatforms) = preSolution
		Debug|Any CPU = Debug|Any CPU
		Release|Any CPU = Release|Any CPU
	EndGlobalSection
	GlobalSection(ProjectConfigurationPlatforms) = postSolution
		{C873BAFD-245B-4805-B742-02101CD45021}.Debug|Any CPU.ActiveCfg = Debug|Any CPU
		{C873BAFD-245B-4805-B742-02101CD45021}.Debug|Any CPU.Build.0 = Debug|Any CPU
		{C873BAFD-245B-4805-B742-02101CD45021}.Release|Any CPU.ActiveCfg = Release|Any CPU
		{C873BAFD-245B-4805-B742-02101CD45021}.Release|Any CPU.Build.0 = Release|Any CPU
		{A44D1022-FEA1-4DC0-9906-1BD8AC85DA4A}.Debug|Any CPU.ActiveCfg = Debug|Any CPU
		{A44D1022-FEA1-4DC0-9906-1BD8AC85DA4A}.Debug|Any CPU.Build.0 = Debug|Any CPU
		{A44D1022-FEA1-4DC0-9906-1BD8AC85DA4A}.Release|Any CPU.ActiveCfg = Release|Any CPU
		{A44D1022-FEA1-4DC0-9906-1BD8AC85DA4A}.Release|Any CPU.Build.0 = Release|Any CPU
	EndGlobalSection
	GlobalSection(SolutionProperties) = preSolution
		HideSolutionNode = FALSE
	EndGlobalSection
	GlobalSection(ExtensibilityGlobals) = postSolution
		SolutionGuid = {43886B51-D59D-4024-BFFF-C36CCCFB63F4}
	EndGlobalSection
EndGlobal
